Microsoft Visual Studio Solution File, Format Version 12.00
# Visual Studio Version 17
VisualStudioVersion = 17.5.2.0
MinimumVisualStudioVersion = 10.0.40219.1
Project("{2150E333-8FDC-42A3-9474-1A3956D46DE8}") = "Intermediate", "Intermediate", "{3848253F-E549-169C-B568-6D0398027E98}"
EndProject
Project("{2150E333-8FDC-42A3-9474-1A3956D46DE8}") = "Build", "Build", "{2C79E76A-AF64-664A-6C98-4CDB1D56B9B3}"
EndProject
Project("{2150E333-8FDC-42A3-9474-1A3956D46DE8}") = "BuildRulesProjects", "BuildRulesProjects", "{FA252560-843A-68E8-7ECB-A4F8EFAF896D}"
EndProject
Project("{FAE04EC0-301F-11D3-BF4B-00C04F79EFBC}") = "LunaraTEOMModuleRules", "Intermediate\Build\BuildRulesProjects\LunaraTEOMModuleRules\LunaraTEOMModuleRules.csproj", "{9DB1BD3F-465C-7913-B516-CCEB6F29C1DC}"
EndProject
Global
	GlobalSection(SolutionConfigurationPlatforms) = preSolution
		Debug|Any CPU = Debug|Any CPU
		Release|Any CPU = Release|Any CPU
	EndGlobalSection
	GlobalSection(ProjectConfigurationPlatforms) = postSolution
		{9DB1BD3F-465C-7913-B516-CCEB6F29C1DC}.Debug|Any CPU.ActiveCfg = Debug|Any CPU
		{9DB1BD3F-465C-7913-B516-CCEB6F29C1DC}.Debug|Any CPU.Build.0 = Debug|Any CPU
		{9DB1BD3F-465C-7913-B516-CCEB6F29C1DC}.Release|Any CPU.ActiveCfg = Release|Any CPU
		{9DB1BD3F-465C-7913-B516-CCEB6F29C1DC}.Release|Any CPU.Build.0 = Release|Any CPU
	EndGlobalSection
	GlobalSection(SolutionProperties) = preSolution
		HideSolutionNode = FALSE
	EndGlobalSection
	GlobalSection(NestedProjects) = preSolution
		{2C79E76A-AF64-664A-6C98-4CDB1D56B9B3} = {3848253F-E549-169C-B568-6D0398027E98}
		{FA252560-843A-68E8-7ECB-A4F8EFAF896D} = {2C79E76A-AF64-664A-6C98-4CDB1D56B9B3}
		{9DB1BD3F-465C-7913-B516-CCEB6F29C1DC} = {FA252560-843A-68E8-7ECB-A4F8EFAF896D}
	EndGlobalSection
	GlobalSection(ExtensibilityGlobals) = postSolution
		SolutionGuid = {E7ECEB73-9100-497B-89B9-26E9E3B7F0F9}
	EndGlobalSection
EndGlobal
